
Microsoft Visual Studio Solution File, Format Version 12.00
Project("{FAE04EC0-301F-11D3-BF4B-00C04F79EFBC}") = "2023TDD", "2023TDD\2023TDD.csproj", "{D045C53A-04AB-48A0-94EA-FB9EB3A72DC8}"
EndProject
Global
	GlobalSection(SolutionConfigurationPlatforms) = preSolution
		Debug|Any CPU = Debug|Any CPU
		Release|Any CPU = Release|Any CPU
	EndGlobalSection
	GlobalSection(ProjectConfigurationPlatforms) = postSolution
		{D045C53A-04AB-48A0-94EA-FB9EB3A72DC8}.Debug|Any CPU.ActiveCfg = Debug|Any CPU
		{D045C53A-04AB-48A0-94EA-FB9EB3A72DC8}.Debug|Any CPU.Build.0 = Debug|Any CPU
		{D045C53A-04AB-48A0-94EA-FB9EB3A72DC8}.Release|Any CPU.ActiveCfg = Release|Any CPU
		{D045C53A-04AB-48A0-94EA-FB9EB3A72DC8}.Release|Any CPU.Build.0 = Release|Any CPU
	EndGlobalSection
EndGlobal
